
Microsoft Visual Studio Solution File, Format Version 12.00
# Visual Studio Version 16
VisualStudioVersion = 16.0.808.4
MinimumVisualStudioVersion = 10.0.40219.1
Project("{FAE04EC0-301F-11D3-BF4B-00C04F79EFBC}") = "api", "api.csproj", "{EFE41CA2-5DDA-4BF7-ABB0-4341009FD5DC}"
EndProject
Global
	GlobalSection(SolutionConfigurationPlatforms) = preSolution
		Debug|Any CPU = Debug|Any CPU
		Release|Any CPU = Release|Any CPU
	EndGlobalSection
	GlobalSection(ProjectConfigurationPlatforms) = postSolution
		{EFE41CA2-5DDA-4BF7-ABB0-4341009FD5DC}.Debug|Any CPU.ActiveCfg = Debug|Any CPU
		{EFE41CA2-5DDA-4BF7-ABB0-4341009FD5DC}.Debug|Any CPU.Build.0 = Debug|Any CPU
		{EFE41CA2-5DDA-4BF7-ABB0-4341009FD5DC}.Release|Any CPU.ActiveCfg = Release|Any CPU
		{EFE41CA2-5DDA-4BF7-ABB0-4341009FD5DC}.Release|Any CPU.Build.0 = Release|Any CPU
	EndGlobalSection
	GlobalSection(SolutionProperties) = preSolution
		HideSolutionNode = FALSE
	EndGlobalSection
	GlobalSection(ExtensibilityGlobals) = postSolution
		SolutionGuid = {B63EC9E7-3162-460B-AF60-F2D0D0E1B7F4}
	EndGlobalSection
EndGlobal
